
Microsoft Visual Studio Solution File, Format Version 12.00
# Visual Studio 2012
Project("{8BC9CEB8-8B4A-11D0-8D11-00A0C91BC942}") = "Lab4", "Lab4\Lab4.vcxproj", "{E7C6E97E-D73A-41B7-B286-E7E921BC94B7}"
EndProject
Global
	GlobalSection(SolutionConfigurationPlatforms) = preSolution
		Debug|Win32 = Debug|Win32
		Release|Win32 = Release|Win32
	EndGlobalSection
	GlobalSection(ProjectConfigurationPlatforms) = postSolution
		{E7C6E97E-D73A-41B7-B286-E7E921BC94B7}.Debug|Win32.ActiveCfg = Debug|Win32
		{E7C6E97E-D73A-41B7-B286-E7E921BC94B7}.Debug|Win32.Build.0 = Debug|Win32
		{E7C6E97E-D73A-41B7-B286-E7E921BC94B7}.Release|Win32.ActiveCfg = Release|Win32
		{E7C6E97E-D73A-41B7-B286-E7E921BC94B7}.Release|Win32.Build.0 = Release|Win32
	EndGlobalSection
	GlobalSection(SolutionProperties) = preSolution
		HideSolutionNode = FALSE
	EndGlobalSection
EndGlobal
